git.defalsify.org/vise.git v0.2.3-0.20250103172917-3e190a44568d h1:bPAOVZOX4frSGhfOdcj7kc555f8dc9DmMd2YAyC2AMw=
git.defalsify.org/vise.git v0.2.3-0.20250103172917-3e190a44568d/go.mod h1:jyBMe1qTYUz3mmuoC9JQ/TvFeW0vTanCUcPu3H8p4Ck=
git.grassecon.net/grassrootseconomics/common v0.0.0-20250113174703-6afccefd1f05 h1:BenzGx6aDHKDwE23/mWIFD2InYIXyzHroZWV3MF5WUk=
git.grassecon.net/grassrootseconomics/common v0.0.0-20250113174703-6afccefd1f05/go.mod h1:wgQJZGIS6QuNLHqDhcsvehsbn5PvgV7aziRebMnJi60=
git.grassecon.net/grassrootseconomics/visedriver v0.8.0-beta.10.0.20250113213325-5228aef0889b h1:6SieNUSEKbkjzquuwazs/lVG56zdEWF10zQQEMRJfMs=
git.grassecon.net/grassrootseconomics/visedriver v0.8.0-beta.10.0.20250113213325-5228aef0889b/go.mod h1:E6W7ZOa7ZvVr0Bc5ot0LNSwpSPYq4hXlAIvEPy3AJ7U=
github.com/barbashov/iso639-3 v0.0.0-20211020172741-1f4ffb2d8d1c h1:H9Nm+I7Cg/YVPpEV1RzU3Wq2pjamPc/UtHDgItcb7lE=
github.com/barbashov/iso639-3 v0.0.0-20211020172741-1f4ffb2d8d1c/go.mod h1:rGod7o6KPeJ+hyBpHfhi4v7blx9sf+QsHsA7KAsdN6U=
github.com/davecgh/go-spew v1.1.0/go.mod h1:J7Y8YcW2NihsgmVo/mv3lAwl/skON4iLHjSsI+c5H38=
github.com/davecgh/go-spew v1.1.2-0.20180830191138-d8f796af33cc h1:U9qPSI2PIWSS1VwoXQT9A3Wy9MM3WgvqSxFWenqJduM=
github.com/davecgh/go-spew v1.1.2-0.20180830191138-d8f796af33cc/go.mod h1:J7Y8YcW2NihsgmVo/mv3lAwl/skON4iLHjSsI+c5H38=
github.com/fxamacker/cbor/v2 v2.4.0 h1:ri0ArlOR+5XunOP8CRUowT0pSJOwhW098ZCUyskZD88=
github.com/fxamacker/cbor/v2 v2.4.0/go.mod h1:TA1xS00nchWmaBnEIxPSE5oHLuJBAVvqrtAnWBwBCVo=
github.com/graygnuorg/go-gdbm v0.0.0-20220711140707-71387d66dce4 h1:U4kkNYryi/qfbBF8gh7Vsbuz+cVmhf5kt6pE9bYYyLo=
github.com/graygnuorg/go-gdbm v0.0.0-20220711140707-71387d66dce4/go.mod h1:zpZDgZFzeq9s0MIeB1P50NIEWDFFHSFBohI/NbaTD/Y=
github.com/jackc/pgpassfile v1.0.0 h1:/6Hmqy13Ss2zCq62VdNG8tM1wchn8zjSGOBJ6icpsIM=
github.com/jackc/pgpassfile v1.0.0/go.mod h1:CEx0iS5ambNFdcRtxPj5JhEz+xB6uRky5eyVu/W2HEg=
github.com/jackc/pgservicefile v0.0.0-20240606120523-5a60cdf6a761 h1:iCEnooe7UlwOQYpKFhBabPMi4aNAfoODPEFNiAnClxo=
github.com/jackc/pgservicefile v0.0.0-20240606120523-5a60cdf6a761/go.mod h1:5TJZWKEWniPve33vlWYSoGYefn3gLQRzjfDlhSJ9ZKM=
github.com/jackc/pgx/v5 v5.7.1 h1:x7SYsPBYDkHDksogeSmZZ5xzThcTgRz++I5E+ePFUcs=
github.com/jackc/pgx/v5 v5.7.1/go.mod h1:e7O26IywZZ+naJtWWos6i6fvWK+29etgITqrqHLfoZA=
github.com/jackc/puddle/v2 v2.2.2 h1:PR8nw+E/1w0GLuRFSmiioY6UooMp6KJv0/61nB7icHo=
github.com/jackc/puddle/v2 v2.2.2/go.mod h1:vriiEXHvEE654aYKXXjOvZM39qJ0q+azkZFrfEOc3H4=
github.com/mattn/kinako v0.0.0-20170717041458-332c0a7e205a h1:0Q3H0YXzMHiciXtRcM+j0jiCe8WKPQHoRgQiRTnfcLY=
github.com/mattn/kinako v0.0.0-20170717041458-332c0a7e205a/go.mod h1:CdTTBOYzS5E4mWS1N8NWP6AHI19MP0A2B18n3hLzRMk=
github.com/pashagolub/pgxmock/v4 v4.3.0 h1:DqT7fk0OCK6H0GvqtcMsLpv8cIwWqdxWgfZNLeHCb/s=
github.com/pashagolub/pgxmock/v4 v4.3.0/go.mod h1:9VoVHXwS3XR/yPtKGzwQvwZX1kzGB9sM8SviDcHDa3A=
github.com/peteole/testdata-loader v0.3.0 h1:8jckE9KcyNHgyv/VPoaljvKZE0Rqr8+dPVYH6rfNr9I=
github.com/peteole/testdata-loader v0.3.0/go.mod h1:Mt0ZbRtb56u8SLJpNP+BnQbENljMorYBpqlvt3cS83U=
github.com/pmezard/go-difflib v1.0.0/go.mod h1:iKH77koFhYxTK1pcRnkKkqfTogsbg7gZNVY4sRDYZ/4=
github.com/pmezard/go-difflib v1.0.1-0.20181226105442-5d4384ee4fb2 h1:Jamvg5psRIccs7FGNTlIRMkT8wgtp5eCXdBlqhYGL6U=
github.com/pmezard/go-difflib v1.0.1-0.20181226105442-5d4384ee4fb2/go.mod h1:iKH77koFhYxTK1pcRnkKkqfTogsbg7gZNVY4sRDYZ/4=
github.com/stretchr/objx v0.1.0/go.mod h1:HFkY916IF+rwdDfMAkV7OtwuqBVzrE8GR6GFx+wExME=
github.com/stretchr/testify v1.3.0/go.mod h1:M5WIy9Dh21IEIfnGCwXGc5bZfKNJtfHm1UVUgZn+9EI=
github.com/stretchr/testify v1.7.0/go.mod h1:6Fq8oRcR53rry900zMqJjRRixrwX3KX962/h/Wwjteg=
github.com/stretchr/testify v1.9.0 h1:HtqpIVDClZ4nwg75+f6Lvsy/wHu+3BoSGCbBAcpTsTg=
github.com/stretchr/testify v1.9.0/go.mod h1:r2ic/lqez/lEtzL7wO/rwa5dbSLXVDPFyf8C91i36aY=
github.com/x448/float16 v0.8.4 h1:qLwI1I70+NjRFUR3zs1JPUCgaCXSh3SW62uAKT1mSBM=
github.com/x448/float16 v0.8.4/go.mod h1:14CWIYCyZA/cWjXOioeEpHeN/83MdbZDRQHoFcYsOfg=
golang.org/x/crypto v0.32.0 h1:euUpcYgM8WcP71gNpTqQCn6rC2t6ULUPiOzfWaXVVfc=
golang.org/x/crypto v0.32.0/go.mod h1:ZnnJkOaASj8g0AjIduWNlq2NRxL0PlBrbKVyZ6V/Ugc=
golang.org/x/sync v0.10.0 h1:3NQrjDixjgGwUOCaF8w2+VYHv0Ve/vGYSbdkTa98gmQ=
golang.org/x/sync v0.10.0/go.mod h1:Czt+wKu1gCyEFDUtn0jG5QVvpJ6rzVqr5aXyt9drQfk=
golang.org/x/text v0.21.0 h1:zyQAAkrwaneQ066sspRyJaG9VNi/YJ1NfzcGB3hZ/qo=
golang.org/x/text v0.21.0/go.mod h1:4IBbMaMmOPCJ8SecivzSH54+73PCFmPWxNTLm+vZkEQ=
gopkg.in/check.v1 v0.0.0-20161208181325-20d25e280405/go.mod h1:Co6ibVJAznAaIkqp8huTwlJQCZ016jof/cbN4VW5Yz0=
gopkg.in/leonelquinteros/gotext.v1 v1.3.1 h1:8d9/fdTG0kn/B7NNGV1BsEyvektXFAbkMsTZS2sFSCc=
gopkg.in/leonelquinteros/gotext.v1 v1.3.1/go.mod h1:X1WlGDeAFIYsW6GjgMm4VwUwZ2XjI7Zan2InxSUQWrU=
gopkg.in/yaml.v3 v3.0.0-20200313102051-9f266ea9e77c/go.mod h1:K4uyk7z7BCEPqu6E+C64Yfv1cQ7kz7rIZviUmN+EgEM=
gopkg.in/yaml.v3 v3.0.1 h1:fxVm/GzAzEWqLHuvctI91KS9hhNmmWOoWu0XTYJS7CA=
gopkg.in/yaml.v3 v3.0.1/go.mod h1:K4uyk7z7BCEPqu6E+C64Yfv1cQ7kz7rIZviUmN+EgEM=
